<Solution>
  <Configurations>
    <Platform Name="x64" />
    <Platform Name="x86" />
  </Configurations>
  <Project Path="../FileService/FileService.vcxproj" Id="fd1b5455-a640-4f4f-8928-a7e6149355e2" />
  <Project Path="../Shared/Shared.vcxitems" Id="58d267c3-0424-4e4e-ad00-7fb55854a942" />
  <Project Path="FileClientUI.vcxproj" />
</Solution>
